{
  "version": "2",
  "remote": {
    "https://deno.land/std@0.144.0/_util/assert.ts": "e94f2eb37cebd7f199952e242c77654e43333c1ac4c5c700e929ea3aa5489f74",
    "https://deno.land/std@0.144.0/datetime/formatter.ts": "7c8e6d16a0950f400aef41b9f1eb9168249869776ec520265dfda785d746589e",
    "https://deno.land/std@0.144.0/datetime/mod.ts": "28cdfd81f4e02696e2663807234e857cb08bb13f5573db862c7cd4a6287e2bde",
    "https://deno.land/std@0.144.0/datetime/tokenizer.ts": "7381e28f6ab51cb504c7e132be31773d73ef2f3e1e50a812736962b9df1e8c47",
    "https://deno.land/std@0.144.0/dotenv/load.ts": "edeaec49e5d2d7fa4d5297b5d15260aa2edee4aa09d61c2f5dbc8032e8ed629a",
    "https://deno.land/std@0.144.0/dotenv/mod.ts": "34c92d65c75ccd27a8d71e5649f1b85bf37cb26cdaab36202df242b8f3666a68",
    "https://deno.land/std@0.144.0/dotenv/util.ts": "6cc392f087577a26a27f0463f77cc0c31a390aa055917099935b36eb2454592d",
    "https://deno.land/std@0.144.0/http/cookie.ts": "526f27762fad7bf84fbe491de7eba7c406057501eec6edcad7884a16b242fddf",
    "https://deno.land/std@0.150.0/_util/assert.ts": "e94f2eb37cebd7f199952e242c77654e43333c1ac4c5c700e929ea3aa5489f74",
    "https://deno.land/std@0.150.0/_util/os.ts": "3b4c6e27febd119d36a416d7a97bd3b0251b77c88942c8f16ee5953ea13e2e49",
    "https://deno.land/std@0.150.0/async/abortable.ts": "87aa7230be8360c24ad437212311c9e8d4328854baec27b4c7abb26e85515c06",
    "https://deno.land/std@0.150.0/async/deadline.ts": "48ac998d7564969f3e6ec6b6f9bf0217ebd00239b1b2292feba61272d5dd58d0",
    "https://deno.land/std@0.150.0/async/debounce.ts": "564273ef242bcfcda19a439132f940db8694173abffc159ea34f07d18fc42620",
    "https://deno.land/std@0.150.0/async/deferred.ts": "bc18e28108252c9f67dfca2bbc4587c3cbf3aeb6e155f8c864ca8ecff992b98a",
    "https://deno.land/std@0.150.0/async/delay.ts": "cbbdf1c87d1aed8edc7bae13592fb3e27e3106e0748f089c263390d4f49e5f6c",
    "https://deno.land/std@0.150.0/async/mod.ts": "9852cd8ed897ab2d41a8fbee611d574e97898327db5c19d9d58e41126473f02c",
    "https://deno.land/std@0.150.0/async/mux_async_iterator.ts": "5b4aca6781ad0f2e19ccdf1d1a1c092ccd3e00d52050d9c27c772658c8367256",
    "https://deno.land/std@0.150.0/async/pool.ts": "ef9eb97b388543acbf0ac32647121e4dbe629236899586c4d4311a8770fbb239",
    "https://deno.land/std@0.150.0/async/tee.ts": "bcfae0017ebb718cf4eef9e2420e8675d91cb1bcc0ed9b668681af6e6caad846",
    "https://deno.land/std@0.150.0/fs/_util.ts": "2cf50bfb1081c2d5f2efec10ac19abbc2baf478e51cd1b057d0da2f30585b6ba",
    "https://deno.land/std@0.150.0/fs/walk.ts": "6ce8d87fbaeda23383e979599ad27f3f94b3e5ff0c0cd976b5fc5c2aa0df7d92",
    "https://deno.land/std@0.150.0/http/http_status.ts": "897575a7d6bc2b9123f6a38ecbc0f03d95a532c5d92029315dc9f508e12526b8",
    "https://deno.land/std@0.150.0/http/server.ts": "0b0a9f3abfcfecead944b31ee9098a0c11a59b0495bf873ee200eb80e7441483",
    "https://deno.land/std@0.150.0/media_types/_util.ts": "ce9b4fc4ba1c447dafab619055e20fd88236ca6bdd7834a21f98bd193c3fbfa1",
    "https://deno.land/std@0.150.0/media_types/mod.ts": "2d4b6f32a087029272dc59e0a55ae3cc4d1b27b794ccf528e94b1925795b3118",
    "https://deno.land/std@0.150.0/media_types/vendor/mime-db.v1.52.0.ts": "724cee25fa40f1a52d3937d6b4fbbfdd7791ff55e1b7ac08d9319d5632c7f5af",
    "https://deno.land/std@0.150.0/path/_constants.ts": "df1db3ffa6dd6d1252cc9617e5d72165cd2483df90e93833e13580687b6083c3",
    "https://deno.land/std@0.150.0/path/_interface.ts": "ee3b431a336b80cf445441109d089b70d87d5e248f4f90ff906820889ecf8d09",
    "https://deno.land/std@0.150.0/path/_util.ts": "c1e9686d0164e29f7d880b2158971d805b6e0efc3110d0b3e24e4b8af2190d2b",
    "https://deno.land/std@0.150.0/path/common.ts": "bee563630abd2d97f99d83c96c2fa0cca7cee103e8cb4e7699ec4d5db7bd2633",
    "https://deno.land/std@0.150.0/path/glob.ts": "cb5255638de1048973c3e69e420c77dc04f75755524cb3b2e160fe9277d939ee",
    "https://deno.land/std@0.150.0/path/mod.ts": "4945b430b759b0b3d98f2a278542cbcf95e0ad2bd8eaaed3c67322b306b2b346",
    "https://deno.land/std@0.150.0/path/posix.ts": "c1f7afe274290ea0b51da07ee205653b2964bd74909a82deb07b69a6cc383aaa",
    "https://deno.land/std@0.150.0/path/separator.ts": "fe1816cb765a8068afb3e8f13ad272351c85cbc739af56dacfc7d93d710fe0f9",
    "https://deno.land/std@0.150.0/path/win32.ts": "bd7549042e37879c68ff2f8576a25950abbfca1d696d41d82c7bca0b7e6f452c",
    "https://deno.land/std@0.152.0/async/abortable.ts": "87aa7230be8360c24ad437212311c9e8d4328854baec27b4c7abb26e85515c06",
    "https://deno.land/std@0.152.0/async/deadline.ts": "48ac998d7564969f3e6ec6b6f9bf0217ebd00239b1b2292feba61272d5dd58d0",
    "https://deno.land/std@0.152.0/async/debounce.ts": "564273ef242bcfcda19a439132f940db8694173abffc159ea34f07d18fc42620",
    "https://deno.land/std@0.152.0/async/deferred.ts": "bc18e28108252c9f67dfca2bbc4587c3cbf3aeb6e155f8c864ca8ecff992b98a",
    "https://deno.land/std@0.152.0/async/delay.ts": "cbbdf1c87d1aed8edc7bae13592fb3e27e3106e0748f089c263390d4f49e5f6c",
    "https://deno.land/std@0.152.0/async/mod.ts": "dd0a8ed4f3984ffabe2fcca7c9f466b7932d57b1864ffee148a5d5388316db6b",
    "https://deno.land/std@0.152.0/async/mux_async_iterator.ts": "5b4aca6781ad0f2e19ccdf1d1a1c092ccd3e00d52050d9c27c772658c8367256",
    "https://deno.land/std@0.152.0/async/pool.ts": "ef9eb97b388543acbf0ac32647121e4dbe629236899586c4d4311a8770fbb239",
    "https://deno.land/std@0.152.0/async/tee.ts": "bcfae0017ebb718cf4eef9e2420e8675d91cb1bcc0ed9b668681af6e6caad846",
    "https://deno.land/std@0.152.0/http/server.ts": "0b0a9f3abfcfecead944b31ee9098a0c11a59b0495bf873ee200eb80e7441483",
    "https://deno.land/x/denoflate@1.2.1/mod.ts": "f5628e44b80b3d80ed525afa2ba0f12408e3849db817d47a883b801f9ce69dd6",
    "https://deno.land/x/denoflate@1.2.1/pkg/denoflate.js": "b9f9ad9457d3f12f28b1fb35c555f57443427f74decb403113d67364e4f2caf4",
    "https://deno.land/x/denoflate@1.2.1/pkg/denoflate_bg.wasm.js": "d581956245407a2115a3d7e8d85a9641c032940a8e810acbd59ca86afd34d44d",
    "https://deno.land/x/esbuild@v0.14.51/mod.d.ts": "c142324d0383c39de0d7660cd207a7f7f52c7198a13d7d3281c0d636a070f441",
    "https://deno.land/x/esbuild@v0.14.51/mod.js": "7432566c71fac77637822dc230319c7392a2d2fef51204c9d12c956d7093c279",
    "https://deno.land/x/esbuild@v0.14.51/wasm.d.ts": "c142324d0383c39de0d7660cd207a7f7f52c7198a13d7d3281c0d636a070f441",
    "https://deno.land/x/esbuild@v0.14.51/wasm.js": "afc1b6927543b664af60ce452c4929e5dc2bb9a0f4ed47b446a6431847c7598e",
    "https://deno.land/x/esbuild_deno_loader@0.5.2/deps.ts": "bf83c27b7787b2f245fa0bc0b99f5041aa949c000a81c016cfe828d06b476d37",
    "https://deno.land/x/esbuild_deno_loader@0.5.2/mod.ts": "bc111a68f323dbdb6edec68dd558ab732b27866d2ef304708872d763387b65d7",
    "https://deno.land/x/esbuild_deno_loader@0.5.2/src/deno.ts": "0e83ccabbe2b004389288e38df2031b79eb347df2d139fce9394d8e88a11f259",
    "https://deno.land/x/esbuild_deno_loader@0.5.2/src/native_loader.ts": "343854a566cf510cf25144f7c09fc0c1097780a31830305142a075d12bb697ba",
    "https://deno.land/x/esbuild_deno_loader@0.5.2/src/portable_loader.ts": "35b6c526eed8c2c781a3256b23c30aa7cce69c0ef1d583c15528663287ba18a3",
    "https://deno.land/x/esbuild_deno_loader@0.5.2/src/shared.ts": "b64749cd8c0f6252a11498bd8758ef1220003e46b2c9b68e16da63fd7e92b13a",
    "https://deno.land/x/fresh@1.1.4/runtime.ts": "b02ec1e2e32cf73a33d262b7c9dcab9468ce16cd89fd424196c71003698a4ab0",
    "https://deno.land/x/fresh@1.1.4/server.ts": "f379c9aad24471a71e58fb887fa57e5cc27ad9df035987eb260541c78df38e84",
    "https://deno.land/x/fresh@1.1.4/src/runtime/csp.ts": "9ee900e9b0b786057b1009da5976298c202d1b86d1f1e4d2510bde5f06530ac9",
    "https://deno.land/x/fresh@1.1.4/src/runtime/head.ts": "0f9932874497ab6e57ed1ba01d549e843523df4a5d36ef97460e7a43e3132fdc",
    "https://deno.land/x/fresh@1.1.4/src/runtime/utils.ts": "8320a874a44bdd5905c7d4b87a0e7a14a6c50a2ed133800e72ae57341e4d4faa",
    "https://deno.land/x/fresh@1.1.4/src/server/bundle.ts": "7fb20c084948894b8eca90984ef92c3f6d12a194910ecb9adee21ace9f1607bb",
    "https://deno.land/x/fresh@1.1.4/src/server/constants.ts": "ad10dda1bc20c25c2926f6a8cfd79ef4368d70b4b03a645f65c04b3fa7d93a8c",
    "https://deno.land/x/fresh@1.1.4/src/server/context.ts": "2773bf0f9b170f888a3135df5646b2cd5492add072eeb8569e73eb3cfcad963e",
    "https://deno.land/x/fresh@1.1.4/src/server/default_error_page.ts": "9a1a595a1a2b31c9b724b04db82b8af256285536db272658d831ac9ef1d3d448",
    "https://deno.land/x/fresh@1.1.4/src/server/deps.ts": "1b467e4d00109356b06117a9f2e5a21a2b48353a0e573b25cdbbfe7e9cfccb34",
    "https://deno.land/x/fresh@1.1.4/src/server/htmlescape.ts": "834ac7d0caa9fc38dffd9b8613fb47aeecd4f22d5d70c51d4b20a310c085835c",
    "https://deno.land/x/fresh@1.1.4/src/server/mod.ts": "72d213444334dd2e94c757a0eee0fc486c0919399ea9184d07ad042f34edd00d",
    "https://deno.land/x/fresh@1.1.4/src/server/render.ts": "6f50707bd1f6e33ed84bb71ae3b0996d202b953cefc4285f5356524c7b21f01f",
    "https://deno.land/x/fresh@1.1.4/src/server/types.ts": "dde992ab4ee635df71a7fc96fe4cd85943c1a9286ea8eb586563d5f5ca154955",
    "https://deno.land/x/importmap@0.2.1/_util.ts": "ada9a9618b537e6c0316c048a898352396c882b9f2de38aba18fd3f2950ede89",
    "https://deno.land/x/importmap@0.2.1/mod.ts": "ae3d1cd7eabd18c01a4960d57db471126b020f23b37ef14e1359bbb949227ade",
    "https://deno.land/x/rutt@0.0.14/mod.ts": "5027b8e8b12acca48b396a25aee74ad7ee94a25c24cda75571d7839cbd41113c",
    "https://deno.land/x/tabler_icons_tsx@0.0.2/tsx/arrow-guide.tsx": "a42c36112cff7c33f3c04860d7d67daf42da36ed7f4bd97f28eca5295f88a0ef",
    "https://deno.land/x/tabler_icons_tsx@0.0.2/tsx/menu-2.tsx": "6cbb31da6aa026bbe0d08602852adda31853f76c8b37924e15c7cfebd2b8a01a",
    "https://esm.sh/*preact-render-to-string@5.2.4": "e96cea1b15874fd524382987651e9e78d1a3dc88fa069404468506b2293eae6b",
    "https://esm.sh/@floating-ui/dom@1.2.1": "fe040e2db26c74a975de8c098505415ca621a53545ff43c9fb1ba1c53e3f2f28",
    "https://esm.sh/@twind/core@1.1.3": "75a03f5357ab14bed73b839d35ea2a948da222d8c0af4509fd808f5b8f176619",
    "https://esm.sh/@twind/preset-autoprefix@1.0.7/": "027fef2b7089651b78ad2586a4c478099dc266f2648aae3acd45ede1b001b919",
    "https://esm.sh/@twind/preset-tailwind@1.1.4/": "5df6090655d40b3024969182488dd2c188047fedc74963f1f71a3130ee3278c5",
    "https://esm.sh/@twind/preset-typography@1.0.7": "82b12bd2b238a746893aeb330d047de94c8977d232eea105ffa3f76a6242f4e0",
    "https://esm.sh/preact@10.11.0": "7a2563b2c3ec030072836f2d2746ffda575fbddd9bb573ec8f9ebdcdefabf4fa",
    "https://esm.sh/preact@10.11.0/hooks": "2b8ec155eb8b87501663f074acff1d55a9114fa7d88f0b39da06c940af1ff736",
    "https://esm.sh/preact@10.11.0/jsx-runtime": "5c123264f19799ab243211132dded45f6d42d594b5c78dd585f947d07bf20eae",
    "https://esm.sh/stable/preact@10.11.0/deno/hooks.js": "da007f66891314678a699e81043726a60ccc7981a8c65a6c5b2a83099dd4eb8c",
    "https://esm.sh/stable/preact@10.11.0/deno/jsx-runtime.js": "dd51d3a9e2006fc844e355973253755ef3d869729d44746dc69a2a4c14771f78",
    "https://esm.sh/stable/preact@10.11.0/deno/preact.mjs": "ad6f5591bcf99d1a3f92079b2215ee7d0b00aed264afde30b4290159142328dd",
    "https://esm.sh/v112/@floating-ui/core@1.2.4/deno/core.mjs": "40523962202d33bc42bb9938186e51b8a566a31deec8b95703329cb3ebe5cc00",
    "https://esm.sh/v112/@floating-ui/core@1.2.4/index.d.ts": "7aed171c73ed751bdaf51e4841d9f0b08971edf76f9057e9d4c6afd44ebe855d",
    "https://esm.sh/v112/@floating-ui/core@1.2.4/src/computePosition.d.ts": "df4fbb6ed6007ae9d9a99dced4d2c61513cb6326b553ae662dd845140860c69d",
    "https://esm.sh/v112/@floating-ui/core@1.2.4/src/detectOverflow.d.ts": "cfed42210135bc9fbf989f569c930cd07e5b4d253531dce8e19bf8f20dbc0798",
    "https://esm.sh/v112/@floating-ui/core@1.2.4/src/middleware/arrow.d.ts": "40301be990f940fcb2cb4b4b0f2da8b56b31c2a2c647ae3f0177810f78718296",
    "https://esm.sh/v112/@floating-ui/core@1.2.4/src/middleware/autoPlacement.d.ts": "1d9a8c3d4841e918b7a510d8b418248d49bd747c7ebca046c542d6cb4b6e4e2a",
    "https://esm.sh/v112/@floating-ui/core@1.2.4/src/middleware/flip.d.ts": "f0a6ca355df362c91c0e2e9b4cc6b60cb0f73ed1a8a3c530141ab414ac924605",
    "https://esm.sh/v112/@floating-ui/core@1.2.4/src/middleware/hide.d.ts": "d481363a86695c96791240f052655af9dc577e7ecb0f64255c7242c8bb1d34f4",
    "https://esm.sh/v112/@floating-ui/core@1.2.4/src/middleware/inline.d.ts": "efb11cc12343e72d8a7e36f6ef88b97543015e7f670463a99c48985bf39426f6",
    "https://esm.sh/v112/@floating-ui/core@1.2.4/src/middleware/offset.d.ts": "1f5e57734df0983b75c61a26e4ece2415f15913cf0045f4833d19e37fa46a102",
    "https://esm.sh/v112/@floating-ui/core@1.2.4/src/middleware/shift.d.ts": "dc1446feeadc787e64cf35f6b45c6502ea3737760e210570d77b5295efaa7894",
    "https://esm.sh/v112/@floating-ui/core@1.2.4/src/middleware/size.d.ts": "9e8235c1e4d67ddd7c2ea2d98c2388a9c85229b0c7ddca7ef40da0a1517afb4c",
    "https://esm.sh/v112/@floating-ui/core@1.2.4/src/types.d.ts": "23f76db38383288d574fa35f4570868203079f2143b641c33048894b40a1fbac",
    "https://esm.sh/v112/@floating-ui/core@1.2.4/src/utils/rectToClientRect.d.ts": "8d75c668d3d06be2bea3a63915715a63e96f694ed153f1b95c8616af71f84cda",
    "https://esm.sh/v112/@floating-ui/dom@1.2.1/deno/dom.mjs": "2a0153408a3dace1e0349d2f20805bb386d398feca7c73b35104d74bd1b57878",
    "https://esm.sh/v112/@floating-ui/dom@1.2.1/index.d.ts": "7aed171c73ed751bdaf51e4841d9f0b08971edf76f9057e9d4c6afd44ebe855d",
    "https://esm.sh/v112/@floating-ui/dom@1.2.1/src/autoUpdate.d.ts": "a6776a14f8903d538a11a50dbff23ed1df7cca854cc3f15e7c40e74e3356970f",
    "https://esm.sh/v112/@floating-ui/dom@1.2.1/src/index.d.ts": "510864c9eb86f51b3872df33b692a12756fef5fc107ece68ffd9e6d6d8317ded",
    "https://esm.sh/v112/@floating-ui/dom@1.2.1/src/platform.d.ts": "cba27f72c97150c3fa6a005a999a03281ace8666bafc42380c0377373996b55f",
    "https://esm.sh/v112/@floating-ui/dom@1.2.1/src/types.d.ts": "2673a010d5ef1089467fd733cde78bb10f9b67f5cf602d37b679adf0b709b9f1",
    "https://esm.sh/v112/@floating-ui/dom@1.2.1/src/utils/getOverflowAncestors.d.ts": "d0608ff924f53fee147c937c04efaa1e9010d44134d6f376b2fd5939dcc32a8d",
    "https://esm.sh/v112/@twind/core@1.1.3/core.d.ts": "c2350a593d822dea7a3559915f94b72cdd3c54f9491be18d80fb5f4a30578293",
    "https://esm.sh/v112/@twind/core@1.1.3/deno/core.mjs": "9a65476bdc46aeb10894c4496fbfbc863e45ffebf43e58d6320017f847aca7b2",
    "https://esm.sh/v112/@twind/preset-autoprefix@1.0.7/deno/preset-autoprefix.mjs": "2cf0f8c2f5e7aa82368ad862d536028f40c7aea699174c8ae9b85b28794c88e5",
    "https://esm.sh/v112/@twind/preset-autoprefix@1.0.7/preset-autoprefix.d.ts": "1266eddfd76ecbfef1d7254b219e0937d930e270629ab40722604c00c5cc3bbe",
    "https://esm.sh/v112/@twind/preset-tailwind@1.1.4/deno/preset-tailwind.mjs": "643afd110bbd090120e74ee6791bffe5084cb4e4b4aebbaca9a7f4b1db8a8291",
    "https://esm.sh/v112/@twind/preset-tailwind@1.1.4/preset-tailwind.d.ts": "4a4c59e8af822c319d855697108561c8f4141662de0d2b04e5b031840b232096",
    "https://esm.sh/v112/@twind/preset-typography@1.0.7/deno/preset-typography.mjs": "c660f6cac4bcdd4ceafcedcd2f7def9d94aceb8a40d698bd19154318614ea62b",
    "https://esm.sh/v112/@twind/preset-typography@1.0.7/preset-typography.d.ts": "a37b73a0835396571ae9c75118d64626e768e0604d4ebcf99d2e2337825c5235",
    "https://esm.sh/v112/csstype@3.1.1/index.d.ts": "1c29793071152b207c01ea1954e343be9a44d85234447b2b236acae9e709a383",
    "https://esm.sh/v112/preact-render-to-string@5.2.4/X-ZS8q/deno/preact-render-to-string.mjs": "5ddbdb771669d535c808638acaa03e0866128c4e58462aa34de05a8997d6f635",
    "https://esm.sh/v112/preact-render-to-string@5.2.4/X-ZS8q/src/index.d.ts": "b1d73703252c8570fdf2952475805f5808ba3511fefbd93a3e7bd8406de7dcd0",
    "https://esm.sh/v112/preact@10.11.0/hooks/src/index.d.ts": "5c29febb624fc25d71cb0e125848c9b711e233337a08f7eacfade38fd4c14cc3",
    "https://esm.sh/v112/preact@10.11.0/jsx-runtime/src/index.d.ts": "e153460ed2b3fe2ad8b93696ecd48fbf73cd628b0b0ea6692b71804a3af69dfd",
    "https://esm.sh/v112/preact@10.11.0/src/index.d.ts": "1a5c331227be54be6515b0c92a469d352834fa413963ae84a39a05a3177111f6",
    "https://esm.sh/v112/preact@10.11.0/src/jsx.d.ts": "c423715fd7992b2e1446fea11d2d04e8adbd66c1edca1ce5e85f90e0d26a2eb2",
    "https://esm.sh/v112/style-vendorizer@2.2.3/deno/style-vendorizer.mjs": "fb725497dd9621a84f552f9b6a4f3df82af5989ff18c40e972de1bdf475c9765"
  }
}
