{
  "version": "2",
  "remote": {
    "https://deno.land/std@0.140.0/_util/assert.ts": "e94f2eb37cebd7f199952e242c77654e43333c1ac4c5c700e929ea3aa5489f74",
    "https://deno.land/std@0.140.0/_util/os.ts": "3b4c6e27febd119d36a416d7a97bd3b0251b77c88942c8f16ee5953ea13e2e49",
    "https://deno.land/std@0.140.0/fs/_util.ts": "0fb24eb4bfebc2c194fb1afdb42b9c3dda12e368f43e8f2321f84fc77d42cb0f",
    "https://deno.land/std@0.140.0/fs/ensure_dir.ts": "9dc109c27df4098b9fc12d949612ae5c9c7169507660dcf9ad90631833209d9d",
    "https://deno.land/std@0.140.0/fs/expand_glob.ts": "0c10130d67c9b02164b03df8e43c6d6defbf8e395cb69d09e84a8586e6d72ac3",
    "https://deno.land/std@0.140.0/fs/walk.ts": "117403ccd21fd322febe56ba06053b1ad5064c802170f19b1ea43214088fe95f",
    "https://deno.land/std@0.140.0/path/_constants.ts": "df1db3ffa6dd6d1252cc9617e5d72165cd2483df90e93833e13580687b6083c3",
    "https://deno.land/std@0.140.0/path/_interface.ts": "ee3b431a336b80cf445441109d089b70d87d5e248f4f90ff906820889ecf8d09",
    "https://deno.land/std@0.140.0/path/_util.ts": "c1e9686d0164e29f7d880b2158971d805b6e0efc3110d0b3e24e4b8af2190d2b",
    "https://deno.land/std@0.140.0/path/common.ts": "bee563630abd2d97f99d83c96c2fa0cca7cee103e8cb4e7699ec4d5db7bd2633",
    "https://deno.land/std@0.140.0/path/glob.ts": "cb5255638de1048973c3e69e420c77dc04f75755524cb3b2e160fe9277d939ee",
    "https://deno.land/std@0.140.0/path/mod.ts": "d3e68d0abb393fb0bf94a6d07c46ec31dc755b544b13144dee931d8d5f06a52d",
    "https://deno.land/std@0.140.0/path/posix.ts": "293cdaec3ecccec0a9cc2b534302dfe308adb6f10861fa183275d6695faace44",
    "https://deno.land/std@0.140.0/path/separator.ts": "fe1816cb765a8068afb3e8f13ad272351c85cbc739af56dacfc7d93d710fe0f9",
    "https://deno.land/std@0.140.0/path/win32.ts": "31811536855e19ba37a999cd8d1b62078235548d67902ece4aa6b814596dd757",
    "https://deno.land/std@0.144.0/_util/assert.ts": "e94f2eb37cebd7f199952e242c77654e43333c1ac4c5c700e929ea3aa5489f74",
    "https://deno.land/std@0.144.0/_util/os.ts": "3b4c6e27febd119d36a416d7a97bd3b0251b77c88942c8f16ee5953ea13e2e49",
    "https://deno.land/std@0.144.0/datetime/formatter.ts": "7c8e6d16a0950f400aef41b9f1eb9168249869776ec520265dfda785d746589e",
    "https://deno.land/std@0.144.0/datetime/mod.ts": "28cdfd81f4e02696e2663807234e857cb08bb13f5573db862c7cd4a6287e2bde",
    "https://deno.land/std@0.144.0/datetime/tokenizer.ts": "7381e28f6ab51cb504c7e132be31773d73ef2f3e1e50a812736962b9df1e8c47",
    "https://deno.land/std@0.144.0/dotenv/load.ts": "edeaec49e5d2d7fa4d5297b5d15260aa2edee4aa09d61c2f5dbc8032e8ed629a",
    "https://deno.land/std@0.144.0/dotenv/mod.ts": "34c92d65c75ccd27a8d71e5649f1b85bf37cb26cdaab36202df242b8f3666a68",
    "https://deno.land/std@0.144.0/dotenv/util.ts": "6cc392f087577a26a27f0463f77cc0c31a390aa055917099935b36eb2454592d",
    "https://deno.land/std@0.144.0/http/cookie.ts": "526f27762fad7bf84fbe491de7eba7c406057501eec6edcad7884a16b242fddf",
    "https://deno.land/std@0.144.0/path/_constants.ts": "df1db3ffa6dd6d1252cc9617e5d72165cd2483df90e93833e13580687b6083c3",
    "https://deno.land/std@0.144.0/path/_interface.ts": "ee3b431a336b80cf445441109d089b70d87d5e248f4f90ff906820889ecf8d09",
    "https://deno.land/std@0.144.0/path/_util.ts": "c1e9686d0164e29f7d880b2158971d805b6e0efc3110d0b3e24e4b8af2190d2b",
    "https://deno.land/std@0.144.0/path/common.ts": "bee563630abd2d97f99d83c96c2fa0cca7cee103e8cb4e7699ec4d5db7bd2633",
    "https://deno.land/std@0.144.0/path/glob.ts": "cb5255638de1048973c3e69e420c77dc04f75755524cb3b2e160fe9277d939ee",
    "https://deno.land/std@0.144.0/path/mod.ts": "4945b430b759b0b3d98f2a278542cbcf95e0ad2bd8eaaed3c67322b306b2b346",
    "https://deno.land/std@0.144.0/path/posix.ts": "293cdaec3ecccec0a9cc2b534302dfe308adb6f10861fa183275d6695faace44",
    "https://deno.land/std@0.144.0/path/separator.ts": "fe1816cb765a8068afb3e8f13ad272351c85cbc739af56dacfc7d93d710fe0f9",
    "https://deno.land/std@0.144.0/path/win32.ts": "31811536855e19ba37a999cd8d1b62078235548d67902ece4aa6b814596dd757",
    "https://deno.land/std@0.150.0/_util/assert.ts": "e94f2eb37cebd7f199952e242c77654e43333c1ac4c5c700e929ea3aa5489f74",
    "https://deno.land/std@0.150.0/_util/os.ts": "3b4c6e27febd119d36a416d7a97bd3b0251b77c88942c8f16ee5953ea13e2e49",
    "https://deno.land/std@0.150.0/async/abortable.ts": "87aa7230be8360c24ad437212311c9e8d4328854baec27b4c7abb26e85515c06",
    "https://deno.land/std@0.150.0/async/deadline.ts": "48ac998d7564969f3e6ec6b6f9bf0217ebd00239b1b2292feba61272d5dd58d0",
    "https://deno.land/std@0.150.0/async/debounce.ts": "564273ef242bcfcda19a439132f940db8694173abffc159ea34f07d18fc42620",
    "https://deno.land/std@0.150.0/async/deferred.ts": "bc18e28108252c9f67dfca2bbc4587c3cbf3aeb6e155f8c864ca8ecff992b98a",
    "https://deno.land/std@0.150.0/async/delay.ts": "cbbdf1c87d1aed8edc7bae13592fb3e27e3106e0748f089c263390d4f49e5f6c",
    "https://deno.land/std@0.150.0/async/mod.ts": "9852cd8ed897ab2d41a8fbee611d574e97898327db5c19d9d58e41126473f02c",
    "https://deno.land/std@0.150.0/async/mux_async_iterator.ts": "5b4aca6781ad0f2e19ccdf1d1a1c092ccd3e00d52050d9c27c772658c8367256",
    "https://deno.land/std@0.150.0/async/pool.ts": "ef9eb97b388543acbf0ac32647121e4dbe629236899586c4d4311a8770fbb239",
    "https://deno.land/std@0.150.0/async/tee.ts": "bcfae0017ebb718cf4eef9e2420e8675d91cb1bcc0ed9b668681af6e6caad846",
    "https://deno.land/std@0.150.0/flags/mod.ts": "594472736e24b2f2afd3451cf7ccd58a21706ce91006478a544fdfa056c69697",
    "https://deno.land/std@0.150.0/fs/_util.ts": "2cf50bfb1081c2d5f2efec10ac19abbc2baf478e51cd1b057d0da2f30585b6ba",
    "https://deno.land/std@0.150.0/fs/walk.ts": "6ce8d87fbaeda23383e979599ad27f3f94b3e5ff0c0cd976b5fc5c2aa0df7d92",
    "https://deno.land/std@0.150.0/http/http_status.ts": "897575a7d6bc2b9123f6a38ecbc0f03d95a532c5d92029315dc9f508e12526b8",
    "https://deno.land/std@0.150.0/http/server.ts": "0b0a9f3abfcfecead944b31ee9098a0c11a59b0495bf873ee200eb80e7441483",
    "https://deno.land/std@0.150.0/media_types/_util.ts": "ce9b4fc4ba1c447dafab619055e20fd88236ca6bdd7834a21f98bd193c3fbfa1",
    "https://deno.land/std@0.150.0/media_types/mod.ts": "2d4b6f32a087029272dc59e0a55ae3cc4d1b27b794ccf528e94b1925795b3118",
    "https://deno.land/std@0.150.0/media_types/vendor/mime-db.v1.52.0.ts": "724cee25fa40f1a52d3937d6b4fbbfdd7791ff55e1b7ac08d9319d5632c7f5af",
    "https://deno.land/std@0.150.0/path/_constants.ts": "df1db3ffa6dd6d1252cc9617e5d72165cd2483df90e93833e13580687b6083c3",
    "https://deno.land/std@0.150.0/path/_interface.ts": "ee3b431a336b80cf445441109d089b70d87d5e248f4f90ff906820889ecf8d09",
    "https://deno.land/std@0.150.0/path/_util.ts": "c1e9686d0164e29f7d880b2158971d805b6e0efc3110d0b3e24e4b8af2190d2b",
    "https://deno.land/std@0.150.0/path/common.ts": "bee563630abd2d97f99d83c96c2fa0cca7cee103e8cb4e7699ec4d5db7bd2633",
    "https://deno.land/std@0.150.0/path/glob.ts": "cb5255638de1048973c3e69e420c77dc04f75755524cb3b2e160fe9277d939ee",
    "https://deno.land/std@0.150.0/path/mod.ts": "4945b430b759b0b3d98f2a278542cbcf95e0ad2bd8eaaed3c67322b306b2b346",
    "https://deno.land/std@0.150.0/path/posix.ts": "c1f7afe274290ea0b51da07ee205653b2964bd74909a82deb07b69a6cc383aaa",
    "https://deno.land/std@0.150.0/path/separator.ts": "fe1816cb765a8068afb3e8f13ad272351c85cbc739af56dacfc7d93d710fe0f9",
    "https://deno.land/std@0.150.0/path/win32.ts": "bd7549042e37879c68ff2f8576a25950abbfca1d696d41d82c7bca0b7e6f452c",
    "https://deno.land/std@0.150.0/semver/mod.ts": "4a5195fa81b4aede8875a386550a1119f01fb58d74aea899b2cfb136c05a7310",
    "https://deno.land/std@0.152.0/async/abortable.ts": "87aa7230be8360c24ad437212311c9e8d4328854baec27b4c7abb26e85515c06",
    "https://deno.land/std@0.152.0/async/deadline.ts": "48ac998d7564969f3e6ec6b6f9bf0217ebd00239b1b2292feba61272d5dd58d0",
    "https://deno.land/std@0.152.0/async/debounce.ts": "564273ef242bcfcda19a439132f940db8694173abffc159ea34f07d18fc42620",
    "https://deno.land/std@0.152.0/async/deferred.ts": "bc18e28108252c9f67dfca2bbc4587c3cbf3aeb6e155f8c864ca8ecff992b98a",
    "https://deno.land/std@0.152.0/async/delay.ts": "cbbdf1c87d1aed8edc7bae13592fb3e27e3106e0748f089c263390d4f49e5f6c",
    "https://deno.land/std@0.152.0/async/mod.ts": "dd0a8ed4f3984ffabe2fcca7c9f466b7932d57b1864ffee148a5d5388316db6b",
    "https://deno.land/std@0.152.0/async/mux_async_iterator.ts": "5b4aca6781ad0f2e19ccdf1d1a1c092ccd3e00d52050d9c27c772658c8367256",
    "https://deno.land/std@0.152.0/async/pool.ts": "ef9eb97b388543acbf0ac32647121e4dbe629236899586c4d4311a8770fbb239",
    "https://deno.land/std@0.152.0/async/tee.ts": "bcfae0017ebb718cf4eef9e2420e8675d91cb1bcc0ed9b668681af6e6caad846",
    "https://deno.land/std@0.152.0/http/server.ts": "0b0a9f3abfcfecead944b31ee9098a0c11a59b0495bf873ee200eb80e7441483",
    "https://deno.land/x/code_block_writer@11.0.3/mod.ts": "2c3448060e47c9d08604c8f40dee34343f553f33edcdfebbf648442be33205e5",
    "https://deno.land/x/code_block_writer@11.0.3/utils/string_utils.ts": "60cb4ec8bd335bf241ef785ccec51e809d576ff8e8d29da43d2273b69ce2a6ff",
    "https://deno.land/x/denoflate@1.2.1/mod.ts": "f5628e44b80b3d80ed525afa2ba0f12408e3849db817d47a883b801f9ce69dd6",
    "https://deno.land/x/denoflate@1.2.1/pkg/denoflate.js": "b9f9ad9457d3f12f28b1fb35c555f57443427f74decb403113d67364e4f2caf4",
    "https://deno.land/x/denoflate@1.2.1/pkg/denoflate_bg.wasm.js": "d581956245407a2115a3d7e8d85a9641c032940a8e810acbd59ca86afd34d44d",
    "https://deno.land/x/esbuild@v0.14.51/mod.d.ts": "c142324d0383c39de0d7660cd207a7f7f52c7198a13d7d3281c0d636a070f441",
    "https://deno.land/x/esbuild@v0.14.51/mod.js": "7432566c71fac77637822dc230319c7392a2d2fef51204c9d12c956d7093c279",
    "https://deno.land/x/esbuild@v0.14.51/wasm.d.ts": "c142324d0383c39de0d7660cd207a7f7f52c7198a13d7d3281c0d636a070f441",
    "https://deno.land/x/esbuild@v0.14.51/wasm.js": "afc1b6927543b664af60ce452c4929e5dc2bb9a0f4ed47b446a6431847c7598e",
    "https://deno.land/x/esbuild_deno_loader@0.5.2/deps.ts": "bf83c27b7787b2f245fa0bc0b99f5041aa949c000a81c016cfe828d06b476d37",
    "https://deno.land/x/esbuild_deno_loader@0.5.2/mod.ts": "bc111a68f323dbdb6edec68dd558ab732b27866d2ef304708872d763387b65d7",
    "https://deno.land/x/esbuild_deno_loader@0.5.2/src/deno.ts": "0e83ccabbe2b004389288e38df2031b79eb347df2d139fce9394d8e88a11f259",
    "https://deno.land/x/esbuild_deno_loader@0.5.2/src/native_loader.ts": "343854a566cf510cf25144f7c09fc0c1097780a31830305142a075d12bb697ba",
    "https://deno.land/x/esbuild_deno_loader@0.5.2/src/portable_loader.ts": "35b6c526eed8c2c781a3256b23c30aa7cce69c0ef1d583c15528663287ba18a3",
    "https://deno.land/x/esbuild_deno_loader@0.5.2/src/shared.ts": "b64749cd8c0f6252a11498bd8758ef1220003e46b2c9b68e16da63fd7e92b13a",
    "https://deno.land/x/fresh@1.1.3/dev.ts": "a66c7d64be35bcd6a8e12eec9c27ae335044c70363a241f2e36ee776db468622",
    "https://deno.land/x/fresh@1.1.3/runtime.ts": "b02ec1e2e32cf73a33d262b7c9dcab9468ce16cd89fd424196c71003698a4ab0",
    "https://deno.land/x/fresh@1.1.3/server.ts": "f379c9aad24471a71e58fb887fa57e5cc27ad9df035987eb260541c78df38e84",
    "https://deno.land/x/fresh@1.1.3/src/dev/deps.ts": "de5470828c17839c0b52c328e6709f3477740b9800deaf724d6569b64b1d3872",
    "https://deno.land/x/fresh@1.1.3/src/dev/error.ts": "21a38d240c00279662e6adde41367f1da0ae7e2836d993f818ea94aabab53e7b",
    "https://deno.land/x/fresh@1.1.3/src/dev/mod.ts": "f5836b2eccd0efd7c0a726a121f174a974daefc22058f759f07d4df56c46e978",
    "https://deno.land/x/fresh@1.1.3/src/runtime/csp.ts": "9ee900e9b0b786057b1009da5976298c202d1b86d1f1e4d2510bde5f06530ac9",
    "https://deno.land/x/fresh@1.1.3/src/runtime/head.ts": "0f9932874497ab6e57ed1ba01d549e843523df4a5d36ef97460e7a43e3132fdc",
    "https://deno.land/x/fresh@1.1.3/src/runtime/utils.ts": "8320a874a44bdd5905c7d4b87a0e7a14a6c50a2ed133800e72ae57341e4d4faa",
    "https://deno.land/x/fresh@1.1.3/src/server/bundle.ts": "7fb20c084948894b8eca90984ef92c3f6d12a194910ecb9adee21ace9f1607bb",
    "https://deno.land/x/fresh@1.1.3/src/server/constants.ts": "ad10dda1bc20c25c2926f6a8cfd79ef4368d70b4b03a645f65c04b3fa7d93a8c",
    "https://deno.land/x/fresh@1.1.3/src/server/context.ts": "bf16ec4b6deccf0b588a294814d636bc1648647860ade31dbfdb8dc3e3435634",
    "https://deno.land/x/fresh@1.1.3/src/server/default_error_page.ts": "9a1a595a1a2b31c9b724b04db82b8af256285536db272658d831ac9ef1d3d448",
    "https://deno.land/x/fresh@1.1.3/src/server/deps.ts": "1b467e4d00109356b06117a9f2e5a21a2b48353a0e573b25cdbbfe7e9cfccb34",
    "https://deno.land/x/fresh@1.1.3/src/server/htmlescape.ts": "834ac7d0caa9fc38dffd9b8613fb47aeecd4f22d5d70c51d4b20a310c085835c",
    "https://deno.land/x/fresh@1.1.3/src/server/mod.ts": "72d213444334dd2e94c757a0eee0fc486c0919399ea9184d07ad042f34edd00d",
    "https://deno.land/x/fresh@1.1.3/src/server/render.ts": "6f50707bd1f6e33ed84bb71ae3b0996d202b953cefc4285f5356524c7b21f01f",
    "https://deno.land/x/fresh@1.1.3/src/server/types.ts": "dde992ab4ee635df71a7fc96fe4cd85943c1a9286ea8eb586563d5f5ca154955",
    "https://deno.land/x/importmap@0.2.1/_util.ts": "ada9a9618b537e6c0316c048a898352396c882b9f2de38aba18fd3f2950ede89",
    "https://deno.land/x/importmap@0.2.1/mod.ts": "ae3d1cd7eabd18c01a4960d57db471126b020f23b37ef14e1359bbb949227ade",
    "https://deno.land/x/rutt@0.0.14/mod.ts": "5027b8e8b12acca48b396a25aee74ad7ee94a25c24cda75571d7839cbd41113c",
    "https://deno.land/x/tabler_icons_tsx@0.0.2/tsx/arrow-guide.tsx": "a42c36112cff7c33f3c04860d7d67daf42da36ed7f4bd97f28eca5295f88a0ef",
    "https://deno.land/x/tabler_icons_tsx@0.0.2/tsx/menu-2.tsx": "6cbb31da6aa026bbe0d08602852adda31853f76c8b37924e15c7cfebd2b8a01a",
    "https://deno.land/x/ts_morph@16.0.0/common/DenoRuntime.ts": "537800e840d0994f9055164e11bf33eadf96419246af0d3c453793c3ae67bdb3",
    "https://deno.land/x/ts_morph@16.0.0/common/mod.ts": "01985d2ee7da8d1caee318a9d07664774fbee4e31602bc2bb6bb62c3489555ed",
    "https://deno.land/x/ts_morph@16.0.0/common/ts_morph_common.d.ts": "39f2ddefd4995e4344236c44c2bf296069149f45ef6f00440b56e7b32cb2b3bd",
    "https://deno.land/x/ts_morph@16.0.0/common/ts_morph_common.js": "7d908bf4f416aa96de956dc11ecc83b585bed297e16418d496ca04a3481067e0",
    "https://deno.land/x/ts_morph@16.0.0/common/typescript.d.ts": "df7dd83543f14081ca74918d5a80ff60f634f465746cf2aff8924b28bcc3b152",
    "https://deno.land/x/ts_morph@16.0.0/common/typescript.js": "5c59651248a4c41b25fa7beee8e0d0d0fab5f439fa72d478e65abd8241aa533c",
    "https://deno.land/x/ts_morph@16.0.0/mod.ts": "adba9b82f24865d15d2c78ef6074b9a7457011719056c9928c800f130a617c93",
    "https://deno.land/x/ts_morph@16.0.0/ts_morph.d.ts": "38668b0e3780282a56a805425494490b0045d1928bd040c47a94095749dab8c3",
    "https://deno.land/x/ts_morph@16.0.0/ts_morph.js": "9fc0f3d6a3997c2df023fabc4e529d2117d214ffd4fd04247ca2f56c4e9cd470",
    "https://deno.land/x/watch_mdx@v0.0.8/deps.ts": "512fdfccaecfa893449b489e2865c7f90180f62cf3ca0fd956fad9163fe39a33",
    "https://deno.land/x/watch_mdx@v0.0.8/mod.ts": "1102d5c4fef915300f5cac608a4c34b58122982041e05e6dd9940008ad2aace5",
    "https://esm.sh/*preact-render-to-string@5.2.4": "5c965103e5039039a89c5de1f551a690aecd3918afe53b5d967ce5d96d939584",
    "https://esm.sh/@floating-ui/dom@1.2.1": "197c412db34eea7ae189a0c0dff2036865051329f28f57aa4f9aacbdd51b96b3",
    "https://esm.sh/@mdx-js/mdx@2.3.0": "5415176a8626d82243e5178908a9f4c75e0b5f56cd4a9f2d9e6eed0037e0e0bb",
    "https://esm.sh/@twind/core@1.1.3": "b718b44a114365c533e015fec4d2b6d1875da0bbba446e09b819d8ddf3ce1278",
    "https://esm.sh/@twind/preset-autoprefix@1.0.7/": "362a12f12e023043231515cb4522da0af347162f8a7c0fd697f89ffe9c2c57e0",
    "https://esm.sh/@twind/preset-tailwind@1.1.4/": "4bfbb81300fb972baf9b5cdf55ae9d8af808d5fbadd85040639b80b5ddc107d9",
    "https://esm.sh/@twind/preset-typography@1.0.7": "97af7f1bd96da6c49100085ccc3f1dfbbf1d81a63a2e0a2f8c4f0339618a5100",
    "https://esm.sh/preact@10.11.0": "e888b244446037c56f1881173fb51d1f5fa7aae5599e6c5154619346a6a5094e",
    "https://esm.sh/preact@10.11.0/hooks": "2b8ec155eb8b87501663f074acff1d55a9114fa7d88f0b39da06c940af1ff736",
    "https://esm.sh/preact@10.11.0/jsx-runtime": "5c123264f19799ab243211132dded45f6d42d594b5c78dd585f947d07bf20eae",
    "https://esm.sh/stable/preact@10.11.0/deno/hooks.js": "32a891b0e7abdfbf30dc7c274dbcbd46f2ea04d6637174451c50c41c12429805",
    "https://esm.sh/stable/preact@10.11.0/deno/jsx-runtime.js": "0310ceb4c83643ee994baa3104675f08834300731a838ddecf5078853492e8d3",
    "https://esm.sh/stable/preact@10.11.0/deno/preact.js": "08219fcb5b92ccdc709233a070ab22478c91521866c819aea679144847e4e87a",
    "https://esm.sh/v111/@floating-ui/core@1.2.2/deno/core.js": "e93fbd06b05a7e234a1a3e4c6e52847c5456dcfb8c29bbbaa731db37eacef368",
    "https://esm.sh/v111/@floating-ui/core@1.2.2/index.d.ts": "7aed171c73ed751bdaf51e4841d9f0b08971edf76f9057e9d4c6afd44ebe855d",
    "https://esm.sh/v111/@floating-ui/core@1.2.2/src/computePosition.d.ts": "df4fbb6ed6007ae9d9a99dced4d2c61513cb6326b553ae662dd845140860c69d",
    "https://esm.sh/v111/@floating-ui/core@1.2.2/src/detectOverflow.d.ts": "cfed42210135bc9fbf989f569c930cd07e5b4d253531dce8e19bf8f20dbc0798",
    "https://esm.sh/v111/@floating-ui/core@1.2.2/src/middleware/arrow.d.ts": "40301be990f940fcb2cb4b4b0f2da8b56b31c2a2c647ae3f0177810f78718296",
    "https://esm.sh/v111/@floating-ui/core@1.2.2/src/middleware/autoPlacement.d.ts": "1d9a8c3d4841e918b7a510d8b418248d49bd747c7ebca046c542d6cb4b6e4e2a",
    "https://esm.sh/v111/@floating-ui/core@1.2.2/src/middleware/flip.d.ts": "f0a6ca355df362c91c0e2e9b4cc6b60cb0f73ed1a8a3c530141ab414ac924605",
    "https://esm.sh/v111/@floating-ui/core@1.2.2/src/middleware/hide.d.ts": "d481363a86695c96791240f052655af9dc577e7ecb0f64255c7242c8bb1d34f4",
    "https://esm.sh/v111/@floating-ui/core@1.2.2/src/middleware/inline.d.ts": "b9c0ad77599806cfe2edbc55de982bff5236811f9ce4251f61eb91a32ebc8c2d",
    "https://esm.sh/v111/@floating-ui/core@1.2.2/src/middleware/offset.d.ts": "1f5e57734df0983b75c61a26e4ece2415f15913cf0045f4833d19e37fa46a102",
    "https://esm.sh/v111/@floating-ui/core@1.2.2/src/middleware/shift.d.ts": "dc1446feeadc787e64cf35f6b45c6502ea3737760e210570d77b5295efaa7894",
    "https://esm.sh/v111/@floating-ui/core@1.2.2/src/middleware/size.d.ts": "9e8235c1e4d67ddd7c2ea2d98c2388a9c85229b0c7ddca7ef40da0a1517afb4c",
    "https://esm.sh/v111/@floating-ui/core@1.2.2/src/types.d.ts": "23f76db38383288d574fa35f4570868203079f2143b641c33048894b40a1fbac",
    "https://esm.sh/v111/@floating-ui/core@1.2.2/src/utils/rectToClientRect.d.ts": "8d75c668d3d06be2bea3a63915715a63e96f694ed153f1b95c8616af71f84cda",
    "https://esm.sh/v111/@floating-ui/dom@1.2.1/deno/dom.js": "f07dda08bf7025f0e193012595d358b885730335d3e52c48cb804402227c1e9f",
    "https://esm.sh/v111/@floating-ui/dom@1.2.1/index.d.ts": "7aed171c73ed751bdaf51e4841d9f0b08971edf76f9057e9d4c6afd44ebe855d",
    "https://esm.sh/v111/@floating-ui/dom@1.2.1/src/autoUpdate.d.ts": "a6776a14f8903d538a11a50dbff23ed1df7cca854cc3f15e7c40e74e3356970f",
    "https://esm.sh/v111/@floating-ui/dom@1.2.1/src/index.d.ts": "e8c058cb4f5a336d841b89bf6a6fc475d386ce33cb887a767e091ad20401c3e1",
    "https://esm.sh/v111/@floating-ui/dom@1.2.1/src/platform.d.ts": "cba27f72c97150c3fa6a005a999a03281ace8666bafc42380c0377373996b55f",
    "https://esm.sh/v111/@floating-ui/dom@1.2.1/src/types.d.ts": "9d03e9792a184d69fd544c1ec8a8921c2250cd82499924aec1b1c35a8f1450c7",
    "https://esm.sh/v111/@floating-ui/dom@1.2.1/src/utils/getOverflowAncestors.d.ts": "d0608ff924f53fee147c937c04efaa1e9010d44134d6f376b2fd5939dcc32a8d",
    "https://esm.sh/v111/@mdx-js/mdx@2.3.0/deno/mdx.js": "dd835101f5e8703d92a2c204918ef54d225d0420050979718e846d8a100de451",
    "https://esm.sh/v111/@mdx-js/mdx@2.3.0/index.d.ts": "819cc535e050c6797de10ae425e41a0eca6681a69f6a91c97273f8689f67379c",
    "https://esm.sh/v111/@mdx-js/mdx@2.3.0/lib/compile.d.ts": "55eb37d2eaa9d8c5150de358e9771fc6fec75bad96bf8c67d3830935eb4d777c",
    "https://esm.sh/v111/@mdx-js/mdx@2.3.0/lib/core.d.ts": "131ae110458d90a3da6f8a3d57f946ff17da4faf7a2f14803b70e7dbef42d73c",
    "https://esm.sh/v111/@mdx-js/mdx@2.3.0/lib/evaluate.d.ts": "371214dc57c81fe2cd104991badbaeedbe1efdace45d2c627786a01088a4260b",
    "https://esm.sh/v111/@mdx-js/mdx@2.3.0/lib/node-types.d.ts": "7bc925c163a15f97148704174744d032f28ad153ff9d7485e109a22b5de643dc",
    "https://esm.sh/v111/@mdx-js/mdx@2.3.0/lib/plugin/recma-document.d.ts": "18efcf217287427eccceffa50e48bef955af0cea480e3ade2fa430287804e245",
    "https://esm.sh/v111/@mdx-js/mdx@2.3.0/lib/plugin/recma-jsx-rewrite.d.ts": "3c69082a0c45ddce37b54f9b54cf796350718dc64748efdd3a0ebe6ad41042ee",
    "https://esm.sh/v111/@mdx-js/mdx@2.3.0/lib/plugin/recma-stringify.d.ts": "08d856c205c90a92a97f2dfacde98aed7fb389b8a8c78c5ebeff1e91747465b6",
    "https://esm.sh/v111/@mdx-js/mdx@2.3.0/lib/plugin/rehype-recma.d.ts": "9124f2039f3ba8ae5d0da826a7f544932b666c7a055f3aaabf25baf8c6e09596",
    "https://esm.sh/v111/@mdx-js/mdx@2.3.0/lib/run.d.ts": "8e6a2d23d02da219dc17ca819efce29e1099883425f56e6c803c19d913b11173",
    "https://esm.sh/v111/@mdx-js/mdx@2.3.0/lib/util/resolve-evaluate-options.d.ts": "a6ecee04324275c9bea824e6173a19ad7c7a133990d6bd2da888ba2c8c64fbdb",
    "https://esm.sh/v111/@twind/core@1.1.3/core.d.ts": "fd5002190e81ec0b795d59a71a3e8a18013668d5776783dfc29420e51e7a8d25",
    "https://esm.sh/v111/@twind/core@1.1.3/deno/core.js": "851434ecd98cba72f4346ee57841bf668f899d711dd8309cf7a19e26aeff26c2",
    "https://esm.sh/v111/@twind/preset-autoprefix@1.0.7/deno/preset-autoprefix.js": "182a1fba821529df31ff7c21f7c34b5be32df3d1ce04841ee9b4a865b4248d72",
    "https://esm.sh/v111/@twind/preset-autoprefix@1.0.7/preset-autoprefix.d.ts": "be53ca796e0060d3181d9e92dec1cc5605279f617796ede238fe2f05adb2a635",
    "https://esm.sh/v111/@twind/preset-tailwind@1.1.4/deno/preset-tailwind.js": "abace15b8bfdc88bd7d5da736426215b952a752d20fd91c4b2cf7ae3f1b3c37c",
    "https://esm.sh/v111/@twind/preset-tailwind@1.1.4/preset-tailwind.d.ts": "4a4c59e8af822c319d855697108561c8f4141662de0d2b04e5b031840b232096",
    "https://esm.sh/v111/@twind/preset-typography@1.0.7/deno/preset-typography.js": "dbab1a3736d8b380b76c10f92242e1e3b9abc4f3ae9dc66825ce841eed22c00b",
    "https://esm.sh/v111/@twind/preset-typography@1.0.7/preset-typography.d.ts": "a37b73a0835396571ae9c75118d64626e768e0604d4ebcf99d2e2337825c5235",
    "https://esm.sh/v111/@types/estree-jsx@1.0.0/index.d.ts": "032f55b41bcfbc0d3a33cbfdb567943fb4e567f46939adb7b7de28dac62e93c0",
    "https://esm.sh/v111/@types/estree@1.0.0/index.d.ts": "946bd1737d9412395a8f24414c70f18660b84a75a12b0b448e6eb1a2161d06dd",
    "https://esm.sh/v111/@types/hast@2.3.4/index.d.ts": "448caa362666985196e76fceaedea761a3e637d767024a96232528e0c5d9825d",
    "https://esm.sh/v111/@types/mdast@3.0.10/index.d.ts": "44f816a707d7a76edd9a60ee6b5492bdcf0d2edc4dc6d4702a81ad20dd65c3b5",
    "https://esm.sh/v111/@types/mdx@2.0.3/types.d.ts": "a1735a99b5b4aa7651a2d6dec019237d65bb5ac543c2e5e0f280ab1315c52584",
    "https://esm.sh/v111/@types/unist@2.0.6/index.d.ts": "cddf5c26907c0b8378bc05543161c11637b830da9fadf59e02a11e675d11e180",
    "https://esm.sh/v111/acorn-jsx@5.3.2/deno/acorn-jsx.js": "1d4db53a8842597db7c80e0e761b1bfb488cde56bfad85a9d7a4904ae8d2af55",
    "https://esm.sh/v111/acorn@8.8.2/deno/acorn.js": "87a1c8741c198a407772ed559c65ff6fe19f543ed844f762526e7108ef1a2395",
    "https://esm.sh/v111/astring@1.8.4/deno/astring.js": "ef8fae98967e57d42b8a6cf695505edcbce61be9fbcfeaccf59c7386747ede1b",
    "https://esm.sh/v111/bail@2.0.2/deno/bail.js": "5909262d6f7d10b15eb28d4f7315ec8246961a1c13095700141ec332c86036c4",
    "https://esm.sh/v111/ccount@2.0.1/deno/ccount.js": "781a282240c061ffb5ea667bf0235486d2c9f2a6f0267bdf0081c830806f18e2",
    "https://esm.sh/v111/character-entities-html4@2.1.0/deno/character-entities-html4.js": "4b00247e4ab9ad02b8d29caec8d527918957a4053e7382d78407dde0302633fa",
    "https://esm.sh/v111/character-entities-legacy@3.0.0/deno/character-entities-legacy.js": "610f382fad74f0c4dc090b4b4636097b7bd905e5bf67194f7f10f44d2c39f69d",
    "https://esm.sh/v111/character-entities@2.0.2/deno/character-entities.js": "e12f560609a85d117b707c575355600c1dae09d78cf9a7d725ffc302e170a0b7",
    "https://esm.sh/v111/character-reference-invalid@2.0.1/deno/character-reference-invalid.js": "0611f6a6bd7e11d8a344be0768c66ba344de972637149a4c3438b05fc70e8210",
    "https://esm.sh/v111/comma-separated-tokens@2.0.3/deno/comma-separated-tokens.js": "93396131a10a9ec4063ed33aa1c76686370f67beb1720f0c53a1b9b7247f22b7",
    "https://esm.sh/v111/csstype@3.1.1/index.d.ts": "1c29793071152b207c01ea1954e343be9a44d85234447b2b236acae9e709a383",
    "https://esm.sh/v111/decode-named-character-reference@1.0.2/deno/decode-named-character-reference.js": "9da312ffdc4f47be2c27daefebe33f22909e7642d15a3b4a6865876ee5fabe23",
    "https://esm.sh/v111/estree-util-attach-comments@2.1.1/deno/estree-util-attach-comments.js": "69fc18041defca9a4596a2c370329a6fc8634cde65b58860ac78832cd6b70eeb",
    "https://esm.sh/v111/estree-util-build-jsx@2.2.2/deno/estree-util-build-jsx.js": "032a010a15dd7c1a0f60891abd615dbe014482aa5104a8da095883a5eb5c5c77",
    "https://esm.sh/v111/estree-util-is-identifier-name@2.1.0/deno/estree-util-is-identifier-name.js": "d3fa55b55de5fc5697dec903b85d508bdc5ce6670b3e0ceaf1c7bf4ced1b56fc",
    "https://esm.sh/v111/estree-util-to-js@1.2.0/deno/estree-util-to-js.js": "847c6267a9a6fb1880ab9073bc6536b55b76305660e177024ecd2cb9a5ac77f6",
    "https://esm.sh/v111/estree-util-visit@1.2.1/deno/estree-util-visit.js": "c2192880d8f675a0516484bb91bd424024cb1baa023569263e541168cf69b509",
    "https://esm.sh/v111/estree-walker@3.0.3/deno/estree-walker.js": "c9b0470fcbe65bc7eff80efbf3ea5518637bda184f5db6d01ec3bb2ec67de0a7",
    "https://esm.sh/v111/extend@3.0.2/deno/extend.js": "08590e178df9b8fa4126344176c047ace27ee89f3a70261a3ca16f788a3ae4e7",
    "https://esm.sh/v111/hast-util-to-estree@2.3.2/deno/hast-util-to-estree.js": "2656059a02661c31a5b5f59ba1043cc5fecf5922db1b8c9c903e4c64c277fe2d",
    "https://esm.sh/v111/hast-util-whitespace@2.0.1/deno/hast-util-whitespace.js": "77fe495e0f0f8e1254233a63cd91cde0f45636af1dfc75fdb9e6acfd9b2be52c",
    "https://esm.sh/v111/inline-style-parser@0.1.1/deno/inline-style-parser.js": "52c3134cde90d3d03c1ffc3675936f983b77a7e55645c955c0094b91c532f0c5",
    "https://esm.sh/v111/is-alphabetical@2.0.1/deno/is-alphabetical.js": "1d95b7c077189984bcc2554195d582a6e73f9e73dc28fed597e156310c657f34",
    "https://esm.sh/v111/is-alphanumerical@2.0.1/deno/is-alphanumerical.js": "9f23a84d04d4c6c348465f36c8b36c6d85f097f42ed96b2a8993e1c0fab4618d",
    "https://esm.sh/v111/is-buffer@2.0.5/deno/is-buffer.js": "c73d118cb57fe46cd13a25fb8ed0612d1c2f98e164122c9a7190ba1b97d9e61f",
    "https://esm.sh/v111/is-decimal@2.0.1/deno/is-decimal.js": "3e08b10409c04a950394e2ae425bb07ccabe4d1c4b7949826e90ff770573ee78",
    "https://esm.sh/v111/is-hexadecimal@2.0.1/deno/is-hexadecimal.js": "79e403b0b6ff55b9ff1e7cfa27831fbe3e69fafd9b3555c95a55d61a407c2d90",
    "https://esm.sh/v111/is-plain-obj@4.1.0/deno/is-plain-obj.js": "0d97b3c3d4f904eaecd48b16264a75892ee36f91b461b7ffa92cba3e419b2f5c",
    "https://esm.sh/v111/is-reference@3.0.1/deno/is-reference.js": "a576b176bac987e29ae999a4daea9981487bf12aaea5fcde798a689b8b142ea2",
    "https://esm.sh/v111/markdown-extensions@1.1.1/deno/markdown-extensions.js": "95f8415aef41acec949286daf7703f10690212950f0a63e60536b2b907af79f8",
    "https://esm.sh/v111/mdast-util-definitions@5.1.2/deno/mdast-util-definitions.js": "4342e38cfa7270fe351fd9d4a61f3d436dd6b5434e753b9ecdd54d1163324e2f",
    "https://esm.sh/v111/mdast-util-from-markdown@1.3.0/deno/mdast-util-from-markdown.js": "12967e285102d1f8da958bce9b593124373aec8b925e1daa56eb44fd04557599",
    "https://esm.sh/v111/mdast-util-mdx-expression@1.3.2/deno/mdast-util-mdx-expression.js": "ee70d4d04f6338605b392813e6a180aa53317b39d2d7b8dd1aee9a5ab17a49d2",
    "https://esm.sh/v111/mdast-util-mdx-jsx@2.1.2/deno/mdast-util-mdx-jsx.js": "b2bdd5c545d5e42b23cc9e4a640752dcbf32388989e42f54c3fea56e8951148f",
    "https://esm.sh/v111/mdast-util-mdx@2.0.1/deno/mdast-util-mdx.js": "9cbbf47c1019ca8f2916f09eaddd64e972a2fc178442b2e8e2eb6d51728ab436",
    "https://esm.sh/v111/mdast-util-mdxjs-esm@1.3.1/deno/mdast-util-mdxjs-esm.js": "7cb8e84d51c7da56638f693314b1551a8d16a3c0930ee156aaf7db9a6cc075de",
    "https://esm.sh/v111/mdast-util-to-hast@12.3.0/deno/mdast-util-to-hast.js": "7620b95cce718c7affc8eae2d2db3d9542b19182fdadbdc966344be0b15d85f0",
    "https://esm.sh/v111/mdast-util-to-hast@12.3.0/index.d.ts": "e08db7495741dd4438d396b89959865ab5f3b1f28385eaf305e90148b6ab6e3a",
    "https://esm.sh/v111/mdast-util-to-hast@12.3.0/lib/handlers/blockquote.d.ts": "2f601174bd71dd42cec926beebd5bb1bc6a070cca9381dd050e14121377c0939",
    "https://esm.sh/v111/mdast-util-to-hast@12.3.0/lib/handlers/break.d.ts": "7099b83ae703978a6829777331594dcb2c72e8621f7ff4adfe0b5c54cdad2207",
    "https://esm.sh/v111/mdast-util-to-hast@12.3.0/lib/handlers/code.d.ts": "a628536ebcaa750b6101856429ae9e08881158f3af9a6b67e817b63f6cdee9a5",
    "https://esm.sh/v111/mdast-util-to-hast@12.3.0/lib/handlers/delete.d.ts": "a5f0dbfc81c41f7a8568ac0b56247fdc0c4b13cb9be24e45040eabafc352160c",
    "https://esm.sh/v111/mdast-util-to-hast@12.3.0/lib/handlers/emphasis.d.ts": "4508361f85c66312675a752ddb1b38c5558699b3dcd3bcce5040cf6da9499b58",
    "https://esm.sh/v111/mdast-util-to-hast@12.3.0/lib/handlers/footnote-reference.d.ts": "42f501035dccfd1819b6b3e78495baa1bf6e40c16c929ef4dc1964598bb579d3",
    "https://esm.sh/v111/mdast-util-to-hast@12.3.0/lib/handlers/footnote.d.ts": "8fd29626725b1ea8f4f17bc1b893b956d8de97601d65d5b307307e5a7cb17c0e",
    "https://esm.sh/v111/mdast-util-to-hast@12.3.0/lib/handlers/heading.d.ts": "9e9d0847d7d2bbea33562a973761db6a8d6de7eca233e5a40301e19e49713ba5",
    "https://esm.sh/v111/mdast-util-to-hast@12.3.0/lib/handlers/html.d.ts": "2d054c469f8009599b49c9ae871e079b7d9f3c8e03917e3bc391194ce2ef67e5",
    "https://esm.sh/v111/mdast-util-to-hast@12.3.0/lib/handlers/image-reference.d.ts": "0c6287c6895f4a0a2374e3ff135b44aa461b9e40e802a78670a7ea3428698625",
    "https://esm.sh/v111/mdast-util-to-hast@12.3.0/lib/handlers/image.d.ts": "6f60e6bd17aad9ae2942fb10ac00588ab42d80d380736363dcb4dfdf567be1c6",
    "https://esm.sh/v111/mdast-util-to-hast@12.3.0/lib/handlers/index.d.ts": "9c51cffe4cbf5ea52e4dd02d6d0cbf72c045b7abb0e2ef750aa598887e8a3df4",
    "https://esm.sh/v111/mdast-util-to-hast@12.3.0/lib/handlers/inline-code.d.ts": "81185eaf3500bddcfbd5efd4e9a68d1980d5b21ec7ff6a58070a7c6b1cf929c5",
    "https://esm.sh/v111/mdast-util-to-hast@12.3.0/lib/handlers/link-reference.d.ts": "70ea451f7ac30ec4787508ad3611ae7e69d2b6f751c39635ea6bb6f8ed3b6b64",
    "https://esm.sh/v111/mdast-util-to-hast@12.3.0/lib/handlers/link.d.ts": "7278463fa4c1c8768c31a196ec36addb3b3c80597dea59fa6be1ee3df59c3832",
    "https://esm.sh/v111/mdast-util-to-hast@12.3.0/lib/handlers/list-item.d.ts": "f1fe97f57d1a7248d8a6598a05100c25f9344707dd5314bc2ec8fc6190fd5461",
    "https://esm.sh/v111/mdast-util-to-hast@12.3.0/lib/handlers/list.d.ts": "f41fada814297b6c00ef6fe38adb15088a1e961a53f4adad0abf3e6bc58118cc",
    "https://esm.sh/v111/mdast-util-to-hast@12.3.0/lib/handlers/paragraph.d.ts": "df409af3a1b105ac6ca987d9d1bec43731a703413e56a82f04e7c94f97dae42f",
    "https://esm.sh/v111/mdast-util-to-hast@12.3.0/lib/handlers/root.d.ts": "0bd1ff5934da8cdd669ed18ffceebef1b985b5a73ad5d357f343ee14535702f2",
    "https://esm.sh/v111/mdast-util-to-hast@12.3.0/lib/handlers/strong.d.ts": "e35dac8dbe8840051b95fe477147182009a0216f569fa1452334916767fcfbdc",
    "https://esm.sh/v111/mdast-util-to-hast@12.3.0/lib/handlers/table-cell.d.ts": "e5ec6604e934bdbb2fae7369412a2acdbf592e68d12701f857f9bb16ad41b442",
    "https://esm.sh/v111/mdast-util-to-hast@12.3.0/lib/handlers/table-row.d.ts": "325b78291c6911dfd98a91be45cc22955c28e88ac1cf2d44a64c523fd6789a0a",
    "https://esm.sh/v111/mdast-util-to-hast@12.3.0/lib/handlers/table.d.ts": "657f90cf33df5c340893bbfebaa427a0ae1bb685b94d9968d8be8be51143864d",
    "https://esm.sh/v111/mdast-util-to-hast@12.3.0/lib/handlers/text.d.ts": "62658327be456df907ed7d4acc79125991fa5d808937993a860aab1052062561",
    "https://esm.sh/v111/mdast-util-to-hast@12.3.0/lib/handlers/thematic-break.d.ts": "5849fa185ecb07b2a47a306941ad6c4c2033a021e23e1f1473e63adfc333421b",
    "https://esm.sh/v111/mdast-util-to-hast@12.3.0/lib/index.d.ts": "80cc695f38b03c4f79b38af4ac4c017fac2a1be4697d42bac9d02d308a4aca6f",
    "https://esm.sh/v111/mdast-util-to-hast@12.3.0/lib/state.d.ts": "e00000989a68a8e01c4f239291f2b44767c68eb5cc8534420a142c391559ba6b",
    "https://esm.sh/v111/mdast-util-to-markdown@1.5.0/deno/lib/util/container-flow.js": "718251daa8f81b84af29147f87f9d288acc9bfdde52545d8dbd3d95ae00e464e",
    "https://esm.sh/v111/mdast-util-to-markdown@1.5.0/deno/lib/util/container-phrasing.js": "8e79713099198bf96687a5b505f16ed491c25b35b1c064a90f026bd20050af52",
    "https://esm.sh/v111/mdast-util-to-markdown@1.5.0/deno/lib/util/indent-lines.js": "fb8c6418d1460fc9a42be635f07fea6db24cadc90b4422aa2c3d025822077829",
    "https://esm.sh/v111/mdast-util-to-markdown@1.5.0/deno/lib/util/track.js": "294e490957b0e6a44aa0c7f1be0eddbd07169499e4811c15bae4ae9a375e20a7",
    "https://esm.sh/v111/mdast-util-to-string@3.1.1/deno/mdast-util-to-string.js": "1384ba548d6538de2bdd23e15a694417b4869b14dc32ae972cad11945d79faac",
    "https://esm.sh/v111/micromark-core-commonmark@1.0.6/deno/micromark-core-commonmark.js": "d50b0eea95d433b3836bee0fee4892bbb28eaae307251ee8481ae188e1263128",
    "https://esm.sh/v111/micromark-extension-mdx-expression@1.0.4/deno/micromark-extension-mdx-expression.js": "33ad120aa9a83fe93e22472af161e8dad0186367b3a3ab3a53b77094168eb9dc",
    "https://esm.sh/v111/micromark-extension-mdx-jsx@1.0.3/deno/micromark-extension-mdx-jsx.js": "d05610343568fd2a65809a390a6b1b1c3762b20931a1c90a782b176066550477",
    "https://esm.sh/v111/micromark-extension-mdx-md@1.0.0/deno/micromark-extension-mdx-md.js": "d0d1556efa42b6312b93d8bec8c25dfb678ec7fc60260415d99725cbf37b3ef4",
    "https://esm.sh/v111/micromark-extension-mdxjs-esm@1.0.3/deno/micromark-extension-mdxjs-esm.js": "24e7305a5b65ac06d9caaa867b6e4d0df009b88b9aa615bb85b4bdf85f255b0a",
    "https://esm.sh/v111/micromark-extension-mdxjs@1.0.0/deno/micromark-extension-mdxjs.js": "e752ae9c1eecd0a347fd829878ff0a14cfdb62538bd7a32af03ba9cd864ef5e1",
    "https://esm.sh/v111/micromark-factory-destination@1.0.0/deno/micromark-factory-destination.js": "c5bd016efa728e545f4165395a9aaf7152045e9f173291029b5c241382510ce6",
    "https://esm.sh/v111/micromark-factory-label@1.0.2/deno/micromark-factory-label.js": "a708f24b03261711193dd84e7c4b38c4399bf8be641c9f60424b2f9b75862bbe",
    "https://esm.sh/v111/micromark-factory-mdx-expression@1.0.7/deno/micromark-factory-mdx-expression.js": "07a183394cf1efdb36be1e97dfe68070e69730a400de0e0110c4e29598fd5c48",
    "https://esm.sh/v111/micromark-factory-space@1.0.0/deno/micromark-factory-space.js": "01452d934e54d23e681908092d285e5eb712442da7cca2c088a0a747e380691e",
    "https://esm.sh/v111/micromark-factory-title@1.0.2/deno/micromark-factory-title.js": "ab65f93315ca49aee636186c00b820616b38fd56622852149c71523a72856d08",
    "https://esm.sh/v111/micromark-factory-whitespace@1.0.0/deno/micromark-factory-whitespace.js": "c03ca657287ef621c21c99ae666665aa5394f2f75a293ceb15afb4989c3c5813",
    "https://esm.sh/v111/micromark-util-character@1.1.0/deno/micromark-util-character.js": "2d87a7db4f062f29b4f7d4cfa281326397e82e9fd3fc60a6406c71a076445c33",
    "https://esm.sh/v111/micromark-util-chunked@1.0.0/deno/micromark-util-chunked.js": "91a506e15f46497fd39d32a2f4d18d420ad962060b73f4935086b14d05620dd8",
    "https://esm.sh/v111/micromark-util-classify-character@1.0.0/deno/micromark-util-classify-character.js": "055d9d2ef907f3e64db6171a590c972f9078e7dc37035f95b0f63287fcc3ce8c",
    "https://esm.sh/v111/micromark-util-combine-extensions@1.0.0/deno/micromark-util-combine-extensions.js": "1428d04798d9c63240c93dfd8c8edac379f2a7ce5f162c63172f18ce7d75ea34",
    "https://esm.sh/v111/micromark-util-decode-numeric-character-reference@1.0.0/deno/micromark-util-decode-numeric-character-reference.js": "d58a193c272bb24523aab124ded287250f1990b704d3f3c86914e60e9421f4a8",
    "https://esm.sh/v111/micromark-util-decode-string@1.0.2/deno/micromark-util-decode-string.js": "567be99c9c67c3e6f1a650e97bc1ac0386c27f03735579a2092c4d7d754ba001",
    "https://esm.sh/v111/micromark-util-encode@1.0.1/deno/micromark-util-encode.js": "4142a2a25ab273c32cde772df52ecd1d1e93cae2f5797d65a7ef8d7817b02fc8",
    "https://esm.sh/v111/micromark-util-events-to-acorn@1.2.1/deno/micromark-util-events-to-acorn.js": "2e93db6b7a1f572792be9b5fdb4ff974b10d7f099229c0fb2e0fe237a335d48e",
    "https://esm.sh/v111/micromark-util-html-tag-name@1.1.0/deno/micromark-util-html-tag-name.js": "a4c3036fd43470cd98bf6bb4c98aafa1f8d2ba3f934f9c5bfdd6cb91a9edff78",
    "https://esm.sh/v111/micromark-util-normalize-identifier@1.0.0/deno/micromark-util-normalize-identifier.js": "c4f523562bce27247f03b79293bd5cf61db52cd353768ed249faff12dfa5a8a5",
    "https://esm.sh/v111/micromark-util-resolve-all@1.0.0/deno/micromark-util-resolve-all.js": "6a9bcd575bbe1bcbfd9553ffc08912256bcae6cf9843b18378523615a44a9306",
    "https://esm.sh/v111/micromark-util-sanitize-uri@1.1.0/deno/micromark-util-sanitize-uri.js": "03b0ebdc8688c4293a55df56415e0c02b79e27d0f38fa8c4bbd430f6cba942ca",
    "https://esm.sh/v111/micromark-util-subtokenize@1.0.2/deno/micromark-util-subtokenize.js": "c1910e4307a69fb2b0960a594300a7e72ff047b43101ebf42297d8c65f3bc31e",
    "https://esm.sh/v111/micromark@3.1.0/deno/lib/parse.js": "2234e1900710fd1d39374b71be85ecf42cacab72c44a4e54e5f471f9e645d0e0",
    "https://esm.sh/v111/micromark@3.1.0/deno/lib/postprocess.js": "60cea82f63ee9e71fd4b5b83f8811b7d4570b582270e998efed5d018b2eeff5c",
    "https://esm.sh/v111/micromark@3.1.0/deno/lib/preprocess.js": "5482d99884f83a064e84452d6b5478179d3b864b0f1f9e020265ca10d4994933",
    "https://esm.sh/v111/parse-entities@4.0.1/deno/parse-entities.js": "e368daa2cffdcf80dd4d20dfccad557d0feb706e07b0e0c7bcbc697188a30061",
    "https://esm.sh/v111/periscopic@3.1.0/deno/periscopic.js": "7f9d336a79244a520fc58a6e8a0dc592a2a3b56bf22fd541194bab2c8299013d",
    "https://esm.sh/v111/periscopic@3.1.0/types/index.d.ts": "e9c3c2fde0e6281ceaf0ac099ea30cb9fdff35de4b8913bf4f23c3e7249c42ac",
    "https://esm.sh/v111/preact-render-to-string@5.2.4/X-ZS8q/deno/preact-render-to-string.js": "7651121e4bb5ef2a48f840dba3f0c13087293ca2eb825aa23ffea3a87bd463b3",
    "https://esm.sh/v111/preact-render-to-string@5.2.4/X-ZS8q/src/index.d.ts": "b1d73703252c8570fdf2952475805f5808ba3511fefbd93a3e7bd8406de7dcd0",
    "https://esm.sh/v111/preact@10.11.0/hooks/src/index.d.ts": "5c29febb624fc25d71cb0e125848c9b711e233337a08f7eacfade38fd4c14cc3",
    "https://esm.sh/v111/preact@10.11.0/jsx-runtime/src/index.d.ts": "e153460ed2b3fe2ad8b93696ecd48fbf73cd628b0b0ea6692b71804a3af69dfd",
    "https://esm.sh/v111/preact@10.11.0/src/index.d.ts": "1a5c331227be54be6515b0c92a469d352834fa413963ae84a39a05a3177111f6",
    "https://esm.sh/v111/preact@10.11.0/src/jsx.d.ts": "c423715fd7992b2e1446fea11d2d04e8adbd66c1edca1ce5e85f90e0d26a2eb2",
    "https://esm.sh/v111/property-information@6.2.0/deno/property-information.js": "4ded0b8f927dd66d3eb4f996b50d2231a450f983ce1404b37f97ba959128a810",
    "https://esm.sh/v111/remark-mdx@2.3.0/deno/remark-mdx.js": "fd09c32417a5baf1b60e73fea85622df6c5a45d0a4a76e3d830865351041a1af",
    "https://esm.sh/v111/remark-parse@10.0.1/deno/remark-parse.js": "4b495e687732b19e60f0cb6cbdd74e180df9ab110e011a176df6aa0e48916232",
    "https://esm.sh/v111/remark-rehype@10.1.0/deno/remark-rehype.js": "c2a8f4b415e62c66286b2e48226f168fbaae7562836f933ba284abf79a68a92f",
    "https://esm.sh/v111/remark-rehype@10.1.0/index.d.ts": "27466151cb58b6437d9edba90c7968155745426e16417e7874717b96d00ba878",
    "https://esm.sh/v111/remark-rehype@10.1.0/lib/index.d.ts": "0d4b66a256be703539334dc646de474b7d01ed0e42897288b3cd4319cbfb426c",
    "https://esm.sh/v111/source-map@0.7.4/source-map.d.ts": "b90c59ac4682368a01c83881b814738eb151de8a58f52eb7edadea2bcffb11b9",
    "https://esm.sh/v111/space-separated-tokens@2.0.2/deno/space-separated-tokens.js": "1107a4be51a2095d72009ec11725e381f8564b0e8c8d43b2f5cc98416800ba92",
    "https://esm.sh/v111/stringify-entities@4.0.3/deno/stringify-entities.js": "2c786201324a84e84183e18aa7380cccef886a8b7bbe804b45500a853accb4e7",
    "https://esm.sh/v111/style-to-object@0.4.1/deno/style-to-object.js": "2945559efd49e136e8f4eec964a3070d92ac6a39ff2fc169f1ac7f8ecedbc7a0",
    "https://esm.sh/v111/style-vendorizer@2.2.3/deno/style-vendorizer.js": "4823723c1cd5b34a60b4a1dfdf272a821d367fc472c23aeed6c3bcd7af5b7a7b",
    "https://esm.sh/v111/trim-lines@3.0.1/deno/trim-lines.js": "707f07283040878b138487fc7019b1382f44ffc23d914e7349ac31c5a84b0e66",
    "https://esm.sh/v111/trough@2.1.0/deno/trough.js": "428f465e3d5e5107c86c5e807152617f10f4a0a48bfff8158179d9021aa008b3",
    "https://esm.sh/v111/unified@10.1.2/deno/unified.js": "558a8900d5866f0dc6fd7fb295c0720f6100bcfea23835934cc282d849d8ce25",
    "https://esm.sh/v111/unified@10.1.2/index.d.ts": "daf89f53369adc3d70b17a2834dac1c06475766e1a21484f95fe075dbdb2f168",
    "https://esm.sh/v111/unist-util-generated@2.0.1/deno/unist-util-generated.js": "d6843aa6d36a61bc886a746471b2283efa7e23b81ca06a84fcff92f7a9a06b9b",
    "https://esm.sh/v111/unist-util-is@5.2.1/deno/unist-util-is.js": "70abb7121297b2a455f7d8a13c4b3c1728371a2867c5f70cb3a2ca1522ddec1e",
    "https://esm.sh/v111/unist-util-position-from-estree@1.1.2/deno/unist-util-position-from-estree.js": "7f0798bec8a60cb3e3dc6e6a3ddf93ae58add818af77ac18fa2fbb6e90447f82",
    "https://esm.sh/v111/unist-util-position@4.0.4/deno/unist-util-position.js": "c13a7a8419aec2f889afad98d1ef3b86d0ee88ffe9953545c6f3e5ee56ee25af",
    "https://esm.sh/v111/unist-util-stringify-position@3.0.3/deno/unist-util-stringify-position.js": "40e6e81be9b6eb0d6f20cc5fd3c6676587fcf690c6e964237bf92faa9aec4384",
    "https://esm.sh/v111/unist-util-visit-parents@5.1.3/deno/unist-util-visit-parents.js": "a77595c482e54ca2b7cf355c4784eddc39f08de4fb98cef44b09cebf76fc98ad",
    "https://esm.sh/v111/unist-util-visit@4.1.2/deno/unist-util-visit.js": "05e52d315fba4e4fed09bbc9a75f9b954527c11d1eae7dfe8a2543d530f0e75b",
    "https://esm.sh/v111/vfile-location@4.1.0/deno/vfile-location.js": "277688849bfe1e43e08476b75bc956fd96d9345addd4ad6d364a7a35b569874c",
    "https://esm.sh/v111/vfile-message@3.1.4/deno/vfile-message.js": "20bf15a418c2843bed60d87ed5547356effe152eef69717fcd52d43539d90d6c",
    "https://esm.sh/v111/vfile-message@3.1.4/index.d.ts": "79703e40043f1870bb6e562148308ec6681d033c18a6290f795af9fe04d6b20d",
    "https://esm.sh/v111/vfile-message@3.1.4/lib/index.d.ts": "0fc7d529039b199240ef7ceac5b0f77f96cbb195abeb8e99228792e9f168cd98",
    "https://esm.sh/v111/vfile@5.3.7/deno/vfile.js": "952617c78dbd3e3fd3bd91ec6efce0b780fb774127c686f2e7bf1841c83dcc0b",
    "https://esm.sh/v111/vfile@5.3.7/index.d.ts": "3b3c84057d743497bfe6b543700f14e84841cf563240e759b584ca6afc54a4fb",
    "https://esm.sh/v111/vfile@5.3.7/lib/index.d.ts": "e2c2e22efcde8f93202f79008b204291cf92f5dfd4ed6b0721840caadf4e8ddf",
    "https://esm.sh/v111/vfile@5.3.7/lib/minurl.shared.d.ts": "8fa1868ab5af3818ff4746f383ea84206596e284f7dc5ffd40a0fac08ed093f9",
    "https://esm.sh/v111/zwitch@2.0.4/deno/zwitch.js": "bc32faa69a49c4f1988445477c640d459a9936ba625d1aae21ca4cda529a767c"
  }
}
